{
  "name": "renovate-encrypter",
  "version": "1.0.0",
  "lockfileVersion": 3,
  "requires": true,
  "packages": {
    "": {
      "name": "renovate-encrypter",
      "version": "1.0.0",
      "license": "MIT",
      "dependencies": {
        "@1password/sdk": "^0.3.1",
        "dotenv": "^17.3.1",
        "openpgp": "^6.3.0"
      }
    },
    "node_modules/@1password/sdk": {
      "version": "0.3.1",
      "resolved": "https://registry.npmjs.org/@1password/sdk/-/sdk-0.3.1.tgz",
      "integrity": "sha512-20zbQfqsjcECT0gvnAw4zONJDt3XQgNH946pZR0NV1Qxukyaz/DKB0cBnBNCCEWZg93Bah8poaR6gJCyuNX14w==",
      "license": "MIT",
      "dependencies": {
        "@1password/sdk-core": "0.3.1"
      }
    },
    "node_modules/@1password/sdk-core": {
      "version": "0.3.1",
      "resolved": "https://registry.npmjs.org/@1password/sdk-core/-/sdk-core-0.3.1.tgz",
      "integrity": "sha512-zFkbRznmE47kpke10OpO/9R0AF5csNWS+naFbadgXuFX1LlxY+2C28NSKbCXhLTqmcuWifBfPdZQ728GJ1i5xg==",
      "license": "MIT"
    },
    "node_modules/dotenv": {
      "version": "17.3.1",
      "resolved": "https://registry.npmjs.org/dotenv/-/dotenv-17.3.1.tgz",
      "integrity": "sha512-IO8C/dzEb6O3F9/twg6ZLXz164a2fhTnEWb95H23Dm4OuN+92NmEAlTrupP9VW6Jm3sO26tQlqyvyi4CsnY9GA==",
      "license": "BSD-2-Clause",
      "engines": {
        "node": ">=12"
      },
      "funding": {
        "url": "https://dotenvx.com"
      }
    },
    "node_modules/openpgp": {
      "version": "6.3.0",
      "resolved": "https://registry.npmjs.org/openpgp/-/openpgp-6.3.0.tgz",
      "integrity": "sha512-pLzCU8IgyKXPSO11eeharQkQ4GzOKNWhXq79pQarIRZEMt1/ssyr+MIuWBv1mNoenJLg04gvPx+fi4gcKZ4bag==",
      "license": "LGPL-3.0+",
      "engines": {
        "node": ">= 18.0.0"
      }
    }
  }
}
