{
  "name": "renovate-encrypter",
  "version": "1.0.0",
  "lockfileVersion": 3,
  "requires": true,
  "packages": {
    "": {
      "name": "renovate-encrypter",
      "version": "1.0.0",
      "license": "MIT",
      "dependencies": {
        "@1password/sdk": "^0.3.0",
        "dotenv": "^16.5.0",
        "openpgp": "^6.1.1"
      }
    },
    "node_modules/@1password/sdk": {
      "version": "0.3.0",
      "resolved": "https://registry.npmjs.org/@1password/sdk/-/sdk-0.3.0.tgz",
      "integrity": "sha512-JIvZ8F3MCVW4ebxIdw2KjzeoAtQw6387zDNFhWQpZJBLR6LoJwsG5fXEHFF5FjLitRgIua9qtq9Bj59QkU1k/A==",
      "license": "MIT",
      "dependencies": {
        "@1password/sdk-core": "0.3.0"
      }
    },
    "node_modules/@1password/sdk-core": {
      "version": "0.3.0",
      "resolved": "https://registry.npmjs.org/@1password/sdk-core/-/sdk-core-0.3.0.tgz",
      "integrity": "sha512-2ZBshSguEe8TSwJrW7Ur1HMZhfE5UxV6dCzxzGfIHd1VO2ZbzadOFqubZwNQYAJJKR8lvZJJMTLvYiYkUa2hEw==",
      "license": "MIT"
    },
    "node_modules/dotenv": {
      "version": "16.5.0",
      "resolved": "https://registry.npmjs.org/dotenv/-/dotenv-16.5.0.tgz",
      "integrity": "sha512-m/C+AwOAr9/W1UOIZUo232ejMNnJAJtYQjUbHoNTBNTJSvqzzDh7vnrei3o3r3m9blf6ZoDkvcw0VmozNRFJxg==",
      "license": "BSD-2-Clause",
      "engines": {
        "node": ">=12"
      },
      "funding": {
        "url": "https://dotenvx.com"
      }
    },
    "node_modules/openpgp": {
      "version": "6.1.1",
      "resolved": "https://registry.npmjs.org/openpgp/-/openpgp-6.1.1.tgz",
      "integrity": "sha512-V/DXZ5AGCz3q4X8psUSc3q4SxnH/bfICaTSpNcla7wvBFhrxa9/ajm31rtMwZ1qj7Fu2oMpfX6ZcxKmTBlb6Yg==",
      "license": "LGPL-3.0+",
      "engines": {
        "node": ">= 18.0.0"
      }
    }
  }
}
