{
  "name": "renovate-encrypter",
  "version": "1.0.0",
  "lockfileVersion": 3,
  "requires": true,
  "packages": {
    "": {
      "name": "renovate-encrypter",
      "version": "1.0.0",
      "license": "MIT",
      "dependencies": {
        "@1password/sdk": "^0.4.0",
        "dotenv": "^17.2.3",
        "openpgp": "^6.3.0"
      }
    },
    "node_modules/@1password/sdk": {
      "version": "0.4.0",
      "resolved": "https://registry.npmjs.org/@1password/sdk/-/sdk-0.4.0.tgz",
      "integrity": "sha512-RIypujc9R/UeUaobjyClTYokqRFpcaIkHq+EO/X9XoHId98Vg+SbjwGV+yygRC4MyHwYNo1KP1iEbZcqJ4ZTdw==",
      "license": "MIT",
      "dependencies": {
        "@1password/sdk-core": "0.4.0"
      }
    },
    "node_modules/@1password/sdk-core": {
      "version": "0.4.0",
      "resolved": "https://registry.npmjs.org/@1password/sdk-core/-/sdk-core-0.4.0.tgz",
      "integrity": "sha512-vjeI1o4wiONY+t1naA4dtUp6HktdLH1D2S+tN1Lh4l41S9XIUHxrljov9B5u6G+VHr7f2MUoxmzXA9zT3aokQQ==",
      "license": "MIT"
    },
    "node_modules/dotenv": {
      "version": "17.2.3",
      "resolved": "https://registry.npmjs.org/dotenv/-/dotenv-17.2.3.tgz",
      "integrity": "sha512-JVUnt+DUIzu87TABbhPmNfVdBDt18BLOWjMUFJMSi/Qqg7NTYtabbvSNJGOJ7afbRuv9D/lngizHtP7QyLQ+9w==",
      "license": "BSD-2-Clause",
      "engines": {
        "node": ">=12"
      },
      "funding": {
        "url": "https://dotenvx.com"
      }
    },
    "node_modules/openpgp": {
      "version": "6.3.0",
      "resolved": "https://registry.npmjs.org/openpgp/-/openpgp-6.3.0.tgz",
      "integrity": "sha512-pLzCU8IgyKXPSO11eeharQkQ4GzOKNWhXq79pQarIRZEMt1/ssyr+MIuWBv1mNoenJLg04gvPx+fi4gcKZ4bag==",
      "license": "LGPL-3.0+",
      "engines": {
        "node": ">= 18.0.0"
      }
    }
  }
}
